
Microsoft Visual Studio Solution File, Format Version 12.00
# Visual Studio Version 17
VisualStudioVersion = 17.14.37502.11 d17.14
MinimumVisualStudioVersion = 10.0.40219.1
Project("{FAE04EC0-301F-11D3-BF4B-00C04F79EFBC}") = "Bai2", "Bai2\Bai2.csproj", "{B70EC3B7-DD28-4E82-8CC8-E980F19A2BC7}"
EndProject
Global
	GlobalSection(SolutionConfigurationPlatforms) = preSolution
		Debug|Any CPU = Debug|Any CPU
		Release|Any CPU = Release|Any CPU
	EndGlobalSection
	GlobalSection(ProjectConfigurationPlatforms) = postSolution
		{B70EC3B7-DD28-4E82-8CC8-E980F19A2BC7}.Debug|Any CPU.ActiveCfg = Debug|Any CPU
		{B70EC3B7-DD28-4E82-8CC8-E980F19A2BC7}.Debug|Any CPU.Build.0 = Debug|Any CPU
		{B70EC3B7-DD28-4E82-8CC8-E980F19A2BC7}.Release|Any CPU.ActiveCfg = Release|Any CPU
		{B70EC3B7-DD28-4E82-8CC8-E980F19A2BC7}.Release|Any CPU.Build.0 = Release|Any CPU
	EndGlobalSection
	GlobalSection(SolutionProperties) = preSolution
		HideSolutionNode = FALSE
	EndGlobalSection
	GlobalSection(ExtensibilityGlobals) = postSolution
		SolutionGuid = {A4D4D6DF-393E-4914-A92D-92C80FAFDC89}
	EndGlobalSection
EndGlobal
