
Microsoft Visual Studio Solution File, Format Version 12.00
# Visual Studio Version 17
VisualStudioVersion = 17.14.37502.11 d17.14
MinimumVisualStudioVersion = 10.0.40219.1
Project("{FAE04EC0-301F-11D3-BF4B-00C04F79EFBC}") = "Bai1", "WindowsFormsApp1\Bai1.csproj", "{35441573-EF22-402A-9FC2-F23191591052}"
EndProject
Global
	GlobalSection(SolutionConfigurationPlatforms) = preSolution
		Debug|Any CPU = Debug|Any CPU
		Release|Any CPU = Release|Any CPU
	EndGlobalSection
	GlobalSection(ProjectConfigurationPlatforms) = postSolution
		{35441573-EF22-402A-9FC2-F23191591052}.Debug|Any CPU.ActiveCfg = Debug|Any CPU
		{35441573-EF22-402A-9FC2-F23191591052}.Debug|Any CPU.Build.0 = Debug|Any CPU
		{35441573-EF22-402A-9FC2-F23191591052}.Release|Any CPU.ActiveCfg = Release|Any CPU
		{35441573-EF22-402A-9FC2-F23191591052}.Release|Any CPU.Build.0 = Release|Any CPU
	EndGlobalSection
	GlobalSection(SolutionProperties) = preSolution
		HideSolutionNode = FALSE
	EndGlobalSection
	GlobalSection(ExtensibilityGlobals) = postSolution
		SolutionGuid = {92316885-4AE6-4C1A-A1A9-607613B15AF0}
	EndGlobalSection
EndGlobal
